<Solution>
  <Project Path="Assembly-CSharp.csproj" />
  <Project Path="NavMeshPlus.csproj" />
  <Project Path="RTLTMPro.csproj" />
  <Project Path="GoogleMobileAds.Editor.csproj" />
  <Project Path="Assembly-CSharp-Editor.csproj" />
  <Project Path="RTLTMPro-Tests.csproj" />
  <Project Path="NavMeshPlusEditor.csproj" />
  <Project Path="RTLTMPro-Editor.csproj" />
</Solution>
